{
  "name": "@jessitron/play-ts-package",
  "version": "1.0.2",
  "lockfileVersion": 1,
  "requires": true,
  "dependencies": {
    "@types/mocha": {
      "version": "5.2.1",
      "resolved": "https://registry.npmjs.org/@types/mocha/-/mocha-5.2.1.tgz",
      "integrity": "sha512-dOrgprHnkDaj1pmrwdcMAf0QRNQzqTB5rxJph+iIQshSmIvtgRqJ0nim8u1vvXU8iOXZrH96+M46JDFTPLingA=="
    },
    "@types/node": {
      "version": "10.3.1",
      "resolved": "https://registry.npmjs.org/@types/node/-/node-10.3.1.tgz",
      "integrity": "sha512-IsX9aDHDzJohkm3VCDB8tkzl5RQ34E/PFA29TQk6uDGb7Oc869ZBtmdKVDBzY3+h9GnXB8ssrRXEPVZrlIOPOw==",
      "dev": true
    },
    "typescript": {
      "version": "2.9.1",
      "resolved": "https://registry.npmjs.org/typescript/-/typescript-2.9.1.tgz",
      "integrity": "sha512-h6pM2f/GDchCFlldnriOhs1QHuwbnmj6/v7499eMHqPeW4V2G0elua2eIc2nu8v2NdHV0Gm+tzX83Hr6nUFjQA==",
      "dev": true
    }
  }
}
